# @generated - this file is auto-generated by `mise lock` https://mise.jdx.dev/dev-tools/mise-lock.html

[[tools.actionlint]]
version = "1.7.12"
backend = "aqua:rhysd/actionlint"

[tools.actionlint."platforms.linux-arm64"]
checksum = "sha256:325e971b6ba9bfa504672e29be93c24981eeb1c07576d730e9f7c8805afff0c6"
url = "https://github.com/rhysd/actionlint/releases/download/v1.7.12/actionlint_1.7.12_linux_arm64.tar.gz"
url_api = "https://api.github.com/repos/rhysd/actionlint/releases/assets/384924897"
provenance = "github-attestations"

[tools.actionlint."platforms.linux-x64"]
checksum = "sha256:8aca8db96f1b94770f1b0d72b6dddcb1ebb8123cb3712530b08cc387b349a3d8"
url = "https://github.com/rhysd/actionlint/releases/download/v1.7.12/actionlint_1.7.12_linux_amd64.tar.gz"
url_api = "https://api.github.com/repos/rhysd/actionlint/releases/assets/384924896"
provenance = "github-attestations"

[tools.actionlint."platforms.macos-arm64"]
checksum = "sha256:aba9ced2dee8d27fecca3dc7feb1a7f9a52caefa1eb46f3271ea66b6e0e6953f"
url = "https://github.com/rhysd/actionlint/releases/download/v1.7.12/actionlint_1.7.12_darwin_arm64.tar.gz"
url_api = "https://api.github.com/repos/rhysd/actionlint/releases/assets/384924893"
provenance = "github-attestations"

[[tools."aqua:grafana/flint"]]
version = "0.22.11"
backend = "aqua:grafana/flint"

[tools."aqua:grafana/flint"."platforms.linux-arm64"]
checksum = "sha256:a197969873591f857833f7c71ab66506a4050e0a12cf1872b09741652d20e99c"
url = "https://github.com/grafana/flint/releases/download/v0.22.11/flint-aarch64-unknown-linux-gnu.tar.gz"
url_api = "https://api.github.com/repos/grafana/flint/releases/assets/522530497"
provenance = "github-attestations"

[tools."aqua:grafana/flint"."platforms.linux-x64"]
checksum = "sha256:8c2400345fee126864183b96f8ec8a0f646b2c09abcd9ff25c7a0e56caa6f822"
url = "https://github.com/grafana/flint/releases/download/v0.22.11/flint-x86_64-unknown-linux-gnu.tar.gz"
url_api = "https://api.github.com/repos/grafana/flint/releases/assets/522529698"
provenance = "github-attestations"

[tools."aqua:grafana/flint"."platforms.macos-arm64"]
checksum = "sha256:a93e428a2561af80bad79810ce23dbab13e9d39519bfdbb6625e902d2b06f8fa"
url = "https://github.com/grafana/flint/releases/download/v0.22.11/flint-aarch64-apple-darwin.tar.gz"
url_api = "https://api.github.com/repos/grafana/flint/releases/assets/522531026"
provenance = "github-attestations"

[[tools."aqua:owenlamont/ryl"]]
version = "0.21.0"
backend = "aqua:owenlamont/ryl"

[tools."aqua:owenlamont/ryl"."platforms.linux-arm64"]
checksum = "sha256:134dfccd5dd7fd13092dbaf482e14e1e9c2b238ecf4306ac020b036212f85abc"
url = "https://github.com/owenlamont/ryl/releases/download/v0.21.0/ryl-aarch64-unknown-linux-musl.tar.gz"
url_api = "https://api.github.com/repos/owenlamont/ryl/releases/assets/454375977"
provenance = "github-attestations"

[tools."aqua:owenlamont/ryl"."platforms.linux-x64"]
checksum = "sha256:36867148c4e7415b5f8dd24a1c4e3212e8ec016a6a16d1d1e0d16d7c2f641214"
url = "https://github.com/owenlamont/ryl/releases/download/v0.21.0/ryl-x86_64-unknown-linux-musl.tar.gz"
url_api = "https://api.github.com/repos/owenlamont/ryl/releases/assets/454375995"
provenance = "github-attestations"

[tools."aqua:owenlamont/ryl"."platforms.macos-arm64"]
checksum = "sha256:ed5e23a5634f138aac5c2c15e72975f0f485f694582ef6874625e38460b0c3b4"
url = "https://github.com/owenlamont/ryl/releases/download/v0.21.0/ryl-aarch64-apple-darwin.tar.gz"
url_api = "https://api.github.com/repos/owenlamont/ryl/releases/assets/454375976"
provenance = "github-attestations"

[[tools.biome]]
version = "2.5.9"
backend = "aqua:biomejs/biome"

[tools.biome."platforms.linux-arm64"]
checksum = "sha256:bf593f7955e3a437fb8056b255142b50872baa3e81371cda2c3fce9239af1890"
url = "https://github.com/biomejs/biome/releases/download/%40biomejs/biome%402.5.9/biome-linux-arm64"
url_api = "https://api.github.com/repos/biomejs/biome/releases/assets/518624714"
provenance = "github-attestations"

[tools.biome."platforms.linux-x64"]
checksum = "sha256:013eb5158b9e53235dbbf31255cb3b776fb9338b32fa6ff4a44ee1ceed65ee63"
url = "https://github.com/biomejs/biome/releases/download/%40biomejs/biome%402.5.9/biome-linux-x64"
url_api = "https://api.github.com/repos/biomejs/biome/releases/assets/518624708"
provenance = "github-attestations"

[tools.biome."platforms.macos-arm64"]
checksum = "sha256:7d8b51dec857ffa8aa35ce5eaa3a4476cd62bed013adc2896bf43cac0a67a79b"
url = "https://github.com/biomejs/biome/releases/download/%40biomejs/biome%402.5.9/biome-darwin-arm64"
url_api = "https://api.github.com/repos/biomejs/biome/releases/assets/518624712"
provenance = "github-attestations"

[[tools.hk]]
version = "1.56.0"
backend = "aqua:jdx/hk"

[tools.hk."platforms.linux-arm64"]
checksum = "sha256:6c5b84e2078b83194888d314e830c24398a856f1659f324c9a5c98fac5ec8db6"
url = "https://github.com/jdx/hk/releases/download/v1.56.0/hk-aarch64-unknown-linux-gnu.tar.gz"
url_api = "https://api.github.com/repos/jdx/hk/releases/assets/520698505"

[tools.hk."platforms.linux-x64"]
checksum = "sha256:eea0beedea7a49a74cd9190e4cc7c27ed209fb77b1b0eec711123cec02303a95"
url = "https://github.com/jdx/hk/releases/download/v1.56.0/hk-x86_64-unknown-linux-gnu.tar.gz"
url_api = "https://api.github.com/repos/jdx/hk/releases/assets/520698520"

[tools.hk."platforms.macos-arm64"]
checksum = "sha256:600207a25ac055ead8b20bd59ae779821e0dee9fc03c041ddb4432b60ad21b68"
url = "https://github.com/jdx/hk/releases/download/v1.56.0/hk-aarch64-apple-darwin.tar.gz"
url_api = "https://api.github.com/repos/jdx/hk/releases/assets/520698508"

[[tools.infisical]]
version = "0.43.125"
backend = "github:Infisical/cli"

[tools.infisical.options]
asset_pattern = "cli_{{ version }}_{{ os(macos='darwin') }}_{{ arch(x64='amd64') }}.tar.gz"

[tools.infisical."platforms.linux-arm64"]
checksum = "sha256:b26dbe1a5bc20bd78ee4fd7649fae2e6046a301f88f3b015dd096e99f4bc6b02"
url = "https://github.com/Infisical/cli/releases/download/v0.43.125/cli_0.43.125_linux_arm64.tar.gz"
url_api = "https://api.github.com/repos/Infisical/cli/releases/assets/524372593"

[tools.infisical."platforms.linux-x64"]
checksum = "sha256:8c3431afab5097ca7d943585be1580ebc13c28843e7d0c5292fb07d077be0372"
url = "https://github.com/Infisical/cli/releases/download/v0.43.125/cli_0.43.125_linux_amd64.tar.gz"
url_api = "https://api.github.com/repos/Infisical/cli/releases/assets/524372582"

[tools.infisical."platforms.macos-arm64"]
checksum = "sha256:253ab2f1aad9bf9e91c751192118a9d6f012f2af17185b41be34c3884c432b37"
url = "https://github.com/Infisical/cli/releases/download/v0.43.125/cli_0.43.125_darwin_arm64.tar.gz"
url_api = "https://api.github.com/repos/Infisical/cli/releases/assets/524366301"

[[tools.node]]
version = "22.22.3"
backend = "core:node"

[tools.node."platforms.linux-arm64"]
checksum = "sha256:cc8bc82b2dd0b595c3b95a4c3c9c8c350907cff011afbdee3d1379e812e1e3e3"
url = "https://nodejs.org/dist/v22.22.3/node-v22.22.3-linux-arm64.tar.gz"

[tools.node."platforms.linux-x64"]
checksum = "sha256:c7a10d6816da8eaaa7534dd73c71c6e2b2c391dbbf845e364902d156615dd1b8"
url = "https://nodejs.org/dist/v22.22.3/node-v22.22.3-linux-x64.tar.gz"

[tools.node."platforms.macos-arm64"]
checksum = "sha256:0da7ff74ef8611328c8212f17943368713a2ad953fb7d89a8c8a0eae87c23207"
url = "https://nodejs.org/dist/v22.22.3/node-v22.22.3-darwin-arm64.tar.gz"

[[tools.rumdl]]
version = "0.2.58"
backend = "aqua:rvben/rumdl"

[tools.rumdl."platforms.linux-arm64"]
checksum = "sha256:67c61873558658ad05a2b25f4b7718473bf86c48a95bd86050f81bb6efacb18f"
url = "https://github.com/rvben/rumdl/releases/download/v0.2.58/rumdl-v0.2.58-aarch64-unknown-linux-musl.tar.gz"
url_api = "https://api.github.com/repos/rvben/rumdl/releases/assets/521255431"
provenance = "github-attestations"

[tools.rumdl."platforms.linux-x64"]
checksum = "sha256:5cf699e3e27424d64b9f330f7a132683816214a06157cf2c8f825074053ba2a3"
url = "https://github.com/rvben/rumdl/releases/download/v0.2.58/rumdl-v0.2.58-x86_64-unknown-linux-musl.tar.gz"
url_api = "https://api.github.com/repos/rvben/rumdl/releases/assets/521255420"
provenance = "github-attestations"

[tools.rumdl."platforms.macos-arm64"]
checksum = "sha256:d443a981997e522f53094b1f3799777be8d712e47aa6f83986935912f1adf5b0"
url = "https://github.com/rvben/rumdl/releases/download/v0.2.58/rumdl-v0.2.58-aarch64-apple-darwin.tar.gz"
url_api = "https://api.github.com/repos/rvben/rumdl/releases/assets/521255433"
provenance = "github-attestations"

[[tools.shellcheck]]
version = "0.11.0"
backend = "aqua:koalaman/shellcheck"

[tools.shellcheck."platforms.linux-arm64"]
checksum = "sha256:12b331c1d2db6b9eb13cfca64306b1b157a86eb69db83023e261eaa7e7c14588"
url = "https://github.com/koalaman/shellcheck/releases/download/v0.11.0/shellcheck-v0.11.0.linux.aarch64.tar.xz"
url_api = "https://api.github.com/repos/koalaman/shellcheck/releases/assets/279056934"

[tools.shellcheck."platforms.linux-x64"]
checksum = "sha256:8c3be12b05d5c177a04c29e3c78ce89ac86f1595681cab149b65b97c4e227198"
url = "https://github.com/koalaman/shellcheck/releases/download/v0.11.0/shellcheck-v0.11.0.linux.x86_64.tar.xz"
url_api = "https://api.github.com/repos/koalaman/shellcheck/releases/assets/279056942"

[tools.shellcheck."platforms.macos-arm64"]
checksum = "sha256:56affdd8de5527894dca6dc3d7e0a99a873b0f004d7aabc30ae407d3f48b0a79"
url = "https://github.com/koalaman/shellcheck/releases/download/v0.11.0/shellcheck-v0.11.0.darwin.aarch64.tar.xz"
url_api = "https://api.github.com/repos/koalaman/shellcheck/releases/assets/279056932"

[[tools.taplo]]
version = "0.10.0"
backend = "aqua:tamasfe/taplo"

[tools.taplo."platforms.linux-arm64"]
url = "https://github.com/tamasfe/taplo/releases/download/0.10.0/taplo-linux-aarch64.gz"
url_api = "https://api.github.com/repos/tamasfe/taplo/releases/assets/257322597"

[tools.taplo."platforms.linux-x64"]
url = "https://github.com/tamasfe/taplo/releases/download/0.10.0/taplo-linux-x86_64.gz"
url_api = "https://api.github.com/repos/tamasfe/taplo/releases/assets/257322600"

[tools.taplo."platforms.macos-arm64"]
url = "https://github.com/tamasfe/taplo/releases/download/0.10.0/taplo-darwin-aarch64.gz"
url_api = "https://api.github.com/repos/tamasfe/taplo/releases/assets/257323110"

[[tools.uv]]
version = "0.12.5"
backend = "aqua:astral-sh/uv"

[tools.uv."platforms.linux-arm64"]
checksum = "sha256:8767a0e77f2cd45436401b1b42bf7e9ed5a4a91a74a5305d6fe93249d0f6dbc5"
url = "https://github.com/astral-sh/uv/releases/download/0.12.5/uv-aarch64-unknown-linux-musl.tar.gz"
url_api = "https://api.github.com/repos/astral-sh/uv/releases/assets/514850993"
provenance = "github-attestations"

[tools.uv."platforms.linux-x64"]
checksum = "sha256:a4742988791c9aeae68c78150d6cba762062ad2a47e53738c2779d2b596bfcdb"
url = "https://github.com/astral-sh/uv/releases/download/0.12.5/uv-x86_64-unknown-linux-musl.tar.gz"
url_api = "https://api.github.com/repos/astral-sh/uv/releases/assets/514851105"
provenance = "github-attestations"

[tools.uv."platforms.macos-arm64"]
checksum = "sha256:5bb0e5fe008a773c3dbcb97ff79cd89e1241464fe9d2f986d52ad8f1b037bd62"
url = "https://github.com/astral-sh/uv/releases/download/0.12.5/uv-aarch64-apple-darwin.tar.gz"
url_api = "https://api.github.com/repos/astral-sh/uv/releases/assets/514850968"
provenance = "github-attestations"

[[tools.zizmor]]
version = "1.29.0"
backend = "aqua:zizmorcore/zizmor"

[tools.zizmor."platforms.linux-arm64"]
checksum = "sha256:415eaa7c0a06479a701b8e44a3e812c1047decc848ec4bede7bd6bbf49f22d20"
url = "https://github.com/zizmorcore/zizmor/releases/download/v1.29.0/zizmor-aarch64-unknown-linux-gnu.tar.gz"
url_api = "https://api.github.com/repos/zizmorcore/zizmor/releases/assets/498263143"
provenance = "github-attestations"

[tools.zizmor."platforms.linux-x64"]
checksum = "sha256:dd96df044a6e8538d5f423790f453bdd03d49e5b2bcc38214acc41a2f1297839"
url = "https://github.com/zizmorcore/zizmor/releases/download/v1.29.0/zizmor-x86_64-unknown-linux-gnu.tar.gz"
url_api = "https://api.github.com/repos/zizmorcore/zizmor/releases/assets/498263145"
provenance = "github-attestations"

[tools.zizmor."platforms.macos-arm64"]
checksum = "sha256:720322fade9e83a9c7953944c438f2ba942636b86b96a8f0e6b15ce94c8a6b6f"
url = "https://github.com/zizmorcore/zizmor/releases/download/v1.29.0/zizmor-aarch64-apple-darwin.tar.gz"
url_api = "https://api.github.com/repos/zizmorcore/zizmor/releases/assets/498263141"
provenance = "github-attestations"
