# @generated - this file is auto-generated by `mise lock` https://mise.jdx.dev/dev-tools/mise-lock.html

[[tools."aqua:grafana/flint"]]
version = "0.22.10"
backend = "aqua:grafana/flint"

[[tools.biome]]
version = "2.5.8"
backend = "aqua:biomejs/biome"

[[tools.node]]
version = "22.22.3"
backend = "core:node"
